
Microsoft Visual Studio Solution File, Format Version 12.00
# Visual Studio Version 17
VisualStudioVersion = 17.13.35931.197
MinimumVisualStudioVersion = 10.0.40219.1
Project("{FAE04EC0-301F-11D3-BF4B-00C04F79EFBC}") = "Patterns.Wpf", "StrategyPattern\Patterns.Wpf.csproj", "{67BA59C4-C873-440E-B837-78EF43D66F01}"
EndProject
Project("{FAE04EC0-301F-11D3-BF4B-00C04F79EFBC}") = "Patterns.Domain", "Patterns.Domain\Patterns.Domain.csproj", "{EAF9C3C0-AE6F-4992-A6DA-D7EED66CAC18}"
EndProject
Project("{FAE04EC0-301F-11D3-BF4B-00C04F79EFBC}") = "Patterns.DataAccess", "Patterns.DataAccess\Patterns.DataAccess.csproj", "{EDD301BA-6A84-46EF-B2E5-72A5DC5D70B9}"
EndProject
Project("{FAE04EC0-301F-11D3-BF4B-00C04F79EFBC}") = "Patterns.DataAccess.Mock", "Patterns.DataAccess.Mock\Patterns.DataAccess.Mock.csproj", "{F73876FD-BE9A-4EBE-8B7E-799DBFF1A443}"
EndProject
Project("{FAE04EC0-301F-11D3-BF4B-00C04F79EFBC}") = "Patterns.Wpf.Bad", "Patterns.Wpf.Bad\Patterns.Wpf.Bad.csproj", "{1DD9EEC8-9461-4D40-8AE8-24CAA378F997}"
EndProject
Global
	GlobalSection(SolutionConfigurationPlatforms) = preSolution
		Debug|Any CPU = Debug|Any CPU
		Release|Any CPU = Release|Any CPU
	EndGlobalSection
	GlobalSection(ProjectConfigurationPlatforms) = postSolution
		{67BA59C4-C873-440E-B837-78EF43D66F01}.Debug|Any CPU.ActiveCfg = Debug|Any CPU
		{67BA59C4-C873-440E-B837-78EF43D66F01}.Debug|Any CPU.Build.0 = Debug|Any CPU
		{67BA59C4-C873-440E-B837-78EF43D66F01}.Release|Any CPU.ActiveCfg = Release|Any CPU
		{67BA59C4-C873-440E-B837-78EF43D66F01}.Release|Any CPU.Build.0 = Release|Any CPU
		{EAF9C3C0-AE6F-4992-A6DA-D7EED66CAC18}.Debug|Any CPU.ActiveCfg = Debug|Any CPU
		{EAF9C3C0-AE6F-4992-A6DA-D7EED66CAC18}.Debug|Any CPU.Build.0 = Debug|Any CPU
		{EAF9C3C0-AE6F-4992-A6DA-D7EED66CAC18}.Release|Any CPU.ActiveCfg = Release|Any CPU
		{EAF9C3C0-AE6F-4992-A6DA-D7EED66CAC18}.Release|Any CPU.Build.0 = Release|Any CPU
		{EDD301BA-6A84-46EF-B2E5-72A5DC5D70B9}.Debug|Any CPU.ActiveCfg = Debug|Any CPU
		{EDD301BA-6A84-46EF-B2E5-72A5DC5D70B9}.Debug|Any CPU.Build.0 = Debug|Any CPU
		{EDD301BA-6A84-46EF-B2E5-72A5DC5D70B9}.Release|Any CPU.ActiveCfg = Release|Any CPU
		{EDD301BA-6A84-46EF-B2E5-72A5DC5D70B9}.Release|Any CPU.Build.0 = Release|Any CPU
		{F73876FD-BE9A-4EBE-8B7E-799DBFF1A443}.Debug|Any CPU.ActiveCfg = Debug|Any CPU
		{F73876FD-BE9A-4EBE-8B7E-799DBFF1A443}.Debug|Any CPU.Build.0 = Debug|Any CPU
		{F73876FD-BE9A-4EBE-8B7E-799DBFF1A443}.Release|Any CPU.ActiveCfg = Release|Any CPU
		{F73876FD-BE9A-4EBE-8B7E-799DBFF1A443}.Release|Any CPU.Build.0 = Release|Any CPU
		{1DD9EEC8-9461-4D40-8AE8-24CAA378F997}.Debug|Any CPU.ActiveCfg = Debug|Any CPU
		{1DD9EEC8-9461-4D40-8AE8-24CAA378F997}.Debug|Any CPU.Build.0 = Debug|Any CPU
		{1DD9EEC8-9461-4D40-8AE8-24CAA378F997}.Release|Any CPU.ActiveCfg = Release|Any CPU
		{1DD9EEC8-9461-4D40-8AE8-24CAA378F997}.Release|Any CPU.Build.0 = Release|Any CPU
	EndGlobalSection
	GlobalSection(SolutionProperties) = preSolution
		HideSolutionNode = FALSE
	EndGlobalSection
	GlobalSection(ExtensibilityGlobals) = postSolution
		SolutionGuid = {5ECFE131-5289-48E9-94E6-C69FBA64A9C8}
	EndGlobalSection
EndGlobal
